
Microsoft Visual Studio Solution File, Format Version 12.00
# Visual Studio Version 16
VisualStudioVersion = 16.0.31829.152
MinimumVisualStudioVersion = 10.0.40219.1
Project("{9A19103F-16F7-4668-BE54-9A1E7A4F7556}") = "Plasticine", "Plasticine.csproj", "{28A9D2B5-D92E-436C-9307-61C50F37A0CD}"
EndProject
Global
	GlobalSection(SolutionConfigurationPlatforms) = preSolution
		Debug|Any CPU = Debug|Any CPU
		Release|Any CPU = Release|Any CPU
	EndGlobalSection
	GlobalSection(ProjectConfigurationPlatforms) = postSolution
		{28A9D2B5-D92E-436C-9307-61C50F37A0CD}.Debug|Any CPU.ActiveCfg = Debug|Any CPU
		{28A9D2B5-D92E-436C-9307-61C50F37A0CD}.Debug|Any CPU.Build.0 = Debug|Any CPU
		{28A9D2B5-D92E-436C-9307-61C50F37A0CD}.Release|Any CPU.ActiveCfg = Release|Any CPU
		{28A9D2B5-D92E-436C-9307-61C50F37A0CD}.Release|Any CPU.Build.0 = Release|Any CPU
	EndGlobalSection
	GlobalSection(SolutionProperties) = preSolution
		HideSolutionNode = FALSE
	EndGlobalSection
	GlobalSection(ExtensibilityGlobals) = postSolution
		SolutionGuid = {B5AB6AF1-C7D2-4384-AA90-97054B43B17D}
	EndGlobalSection
EndGlobal
