
Microsoft Visual Studio Solution File, Format Version 12.00
# Visual Studio Version 16
VisualStudioVersion = 16.0.31829.152
MinimumVisualStudioVersion = 10.0.40219.1
Project("{9A19103F-16F7-4668-BE54-9A1E7A4F7556}") = "Plasticine", "Plasticine\Plasticine.csproj", "{AA81D377-43B4-45C8-844C-3FF143BC0423}"
EndProject
Project("{9A19103F-16F7-4668-BE54-9A1E7A4F7556}") = "EasySerializer", "EasySerializer\EasySerializer.csproj", "{538EBEC2-B33F-46D1-ADBC-6326C5C0D3C8}"
EndProject
Global
	GlobalSection(SolutionConfigurationPlatforms) = preSolution
		Debug|Any CPU = Debug|Any CPU
		Release|Any CPU = Release|Any CPU
	EndGlobalSection
	GlobalSection(ProjectConfigurationPlatforms) = postSolution
		{AA81D377-43B4-45C8-844C-3FF143BC0423}.Debug|Any CPU.ActiveCfg = Debug|Any CPU
		{AA81D377-43B4-45C8-844C-3FF143BC0423}.Debug|Any CPU.Build.0 = Debug|Any CPU
		{AA81D377-43B4-45C8-844C-3FF143BC0423}.Release|Any CPU.ActiveCfg = Release|Any CPU
		{AA81D377-43B4-45C8-844C-3FF143BC0423}.Release|Any CPU.Build.0 = Release|Any CPU
		{538EBEC2-B33F-46D1-ADBC-6326C5C0D3C8}.Debug|Any CPU.ActiveCfg = Debug|Any CPU
		{538EBEC2-B33F-46D1-ADBC-6326C5C0D3C8}.Debug|Any CPU.Build.0 = Debug|Any CPU
		{538EBEC2-B33F-46D1-ADBC-6326C5C0D3C8}.Release|Any CPU.ActiveCfg = Release|Any CPU
		{538EBEC2-B33F-46D1-ADBC-6326C5C0D3C8}.Release|Any CPU.Build.0 = Release|Any CPU
	EndGlobalSection
	GlobalSection(SolutionProperties) = preSolution
		HideSolutionNode = FALSE
	EndGlobalSection
	GlobalSection(ExtensibilityGlobals) = postSolution
		SolutionGuid = {B5AB6AF1-C7D2-4384-AA90-97054B43B17D}
	EndGlobalSection
EndGlobal
